// !$*UTF8*$!
{
	archiveVersion = 1;
	classes = {
	};
	objectVersion = 50;
	objects = {

/* Begin PBXBuildFile section */
		450E28DA47CC7B2EFC6A0316 /* Pods_RecipleaseV1.framework in Frameworks */ = {isa = PBXBuildFile; fileRef = 2C8ADA9782E4BDCC46233358 /* Pods_RecipleaseV1.framework */; };
		5C5CD740F1D38602C72BE305 /* Pods_RecipleaseV1Tests.framework in Frameworks */ = {isa = PBXBuildFile; fileRef = B37BDE0B7033D3FDF2A2700B /* Pods_RecipleaseV1Tests.framework */; };
		BF054D802217428F00C82CBB /* CellTableViewXib.xib in Resources */ = {isa = PBXBuildFile; fileRef = BF054D7F2217428F00C82CBB /* CellTableViewXib.xib */; };
		BF165C5D223AF286003C48DF /* Ingredient.swift in Sources */ = {isa = PBXBuildFile; fileRef = BF165C5C223AF286003C48DF /* Ingredient.swift */; };
		BF1A3E0E21F9054200E915D7 /* Allergies.swift in Sources */ = {isa = PBXBuildFile; fileRef = BF1A3E0D21F9054200E915D7 /* Allergies.swift */; };
		BF1A3E1821F9634400E915D7 /* AllergiesTableViewCell.swift in Sources */ = {isa = PBXBuildFile; fileRef = BF1A3E1721F9634400E915D7 /* AllergiesTableViewCell.swift */; };
		BF1C882822347FBA0085787A /* Instruction.swift in Sources */ = {isa = PBXBuildFile; fileRef = BF1C882722347FBA0085787A /* Instruction.swift */; };
		BF1D91482231B6990077814C /* FavoriteDetailVC.swift in Sources */ = {isa = PBXBuildFile; fileRef = BF1D91472231B6990077814C /* FavoriteDetailVC.swift */; };
		BF254380220A134B0094171B /* SegueExtension.swift in Sources */ = {isa = PBXBuildFile; fileRef = BF25437F220A134B0094171B /* SegueExtension.swift */; };
		BF254382220A65740094171B /* NavigationController.swift in Sources */ = {isa = PBXBuildFile; fileRef = BF254381220A65740094171B /* NavigationController.swift */; };
		BF25534121F4DF2A00350118 /* RecipeAPIService.swift in Sources */ = {isa = PBXBuildFile; fileRef = BF25534021F4DF2A00350118 /* RecipeAPIService.swift */; };
		BF25534521F4E22100350118 /* RecipeListAPIResult.swift in Sources */ = {isa = PBXBuildFile; fileRef = BF25534421F4E22100350118 /* RecipeListAPIResult.swift */; };
		BF25534F21F5549600350118 /* AlertsExtension.swift in Sources */ = {isa = PBXBuildFile; fileRef = BF25534E21F5549600350118 /* AlertsExtension.swift */; };
		BF26F5022208859D0044A7F6 /* String.swift in Sources */ = {isa = PBXBuildFile; fileRef = BF26F5012208859D0044A7F6 /* String.swift */; };
		BF2A712D222ABF9800B67563 /* FruitAndVegetables.mlmodel in Sources */ = {isa = PBXBuildFile; fileRef = BF2A712C222ABF9800B67563 /* FruitAndVegetables.mlmodel */; };
		BF2BB7B82219AC0E0082EC59 /* AllergiesVC.swift in Sources */ = {isa = PBXBuildFile; fileRef = BF2BB7B72219AC0E0082EC59 /* AllergiesVC.swift */; };
		BF2D240C220E435000A7F427 /* ResultListRecipeVC.swift in Sources */ = {isa = PBXBuildFile; fileRef = BF2D240B220E435000A7F427 /* ResultListRecipeVC.swift */; };
		BF5DD2A1223902C2004D2533 /* CustomTableViewCell.swift in Sources */ = {isa = PBXBuildFile; fileRef = BF5DD2A0223902C2004D2533 /* CustomTableViewCell.swift */; };
		BF8D34C9220B370D009C6629 /* recipes.json in Resources */ = {isa = PBXBuildFile; fileRef = BF8D34C8220B370D009C6629 /* recipes.json */; };
		BF8D34F6220C95DB009C6629 /* RecipeVC.swift in Sources */ = {isa = PBXBuildFile; fileRef = BF8D34F5220C95DB009C6629 /* RecipeVC.swift */; };
		BF8DCED7222EF10400A381DF /* Reciplease.xcdatamodeld in Sources */ = {isa = PBXBuildFile; fileRef = BF8DCED5222EF10400A381DF /* Reciplease.xcdatamodeld */; };
		BF92BFA621BF67E700EDF694 /* AppDelegate.swift in Sources */ = {isa = PBXBuildFile; fileRef = BF92BFA521BF67E700EDF694 /* AppDelegate.swift */; };
		BF92BFAB21BF67E700EDF694 /* Main.storyboard in Resources */ = {isa = PBXBuildFile; fileRef = BF92BFA921BF67E700EDF694 /* Main.storyboard */; };
		BF92BFB021BF67EA00EDF694 /* Assets.xcassets in Resources */ = {isa = PBXBuildFile; fileRef = BF92BFAF21BF67EA00EDF694 /* Assets.xcassets */; };
		BF92BFB321BF67EA00EDF694 /* LaunchScreen.storyboard in Resources */ = {isa = PBXBuildFile; fileRef = BF92BFB121BF67EA00EDF694 /* LaunchScreen.storyboard */; };
		BF92BFC021C0171D00EDF694 /* whatever it takes.ttf in Resources */ = {isa = PBXBuildFile; fileRef = BF92BFBF21C0171D00EDF694 /* whatever it takes.ttf */; };
		BF92BFC221C0177000EDF694 /* whatever it takes bold.ttf in Resources */ = {isa = PBXBuildFile; fileRef = BF92BFC121C0177000EDF694 /* whatever it takes bold.ttf */; };
		BF92BFC421C0352400EDF694 /* SearchForRecipesVC.swift in Sources */ = {isa = PBXBuildFile; fileRef = BF92BFC321C0352400EDF694 /* SearchForRecipesVC.swift */; };
		BF92BFC621C094FF00EDF694 /* Podfile in Resources */ = {isa = PBXBuildFile; fileRef = BF92BFC521C094FF00EDF694 /* Podfile */; };
		BFAB1B0E2220839200B8F55E /* recipeDetail.json in Resources */ = {isa = PBXBuildFile; fileRef = BFAB1B0D2220839200B8F55E /* recipeDetail.json */; };
		BFAB1B102220967C00B8F55E /* RecipeDetailAPIResult.swift in Sources */ = {isa = PBXBuildFile; fileRef = BFAB1B0F2220967C00B8F55E /* RecipeDetailAPIResult.swift */; };
		BFC62BAA21FA668E0097E0B0 /* UrlYummlyConstructProtocol.swift in Sources */ = {isa = PBXBuildFile; fileRef = BFC62BA921FA668E0097E0B0 /* UrlYummlyConstructProtocol.swift */; };
		BFC62BAC21FA69160097E0B0 /* RecipeSession.swift in Sources */ = {isa = PBXBuildFile; fileRef = BFC62BAB21FA69160097E0B0 /* RecipeSession.swift */; };
		BFD12B142226EA190005686F /* RecognizerVC.swift in Sources */ = {isa = PBXBuildFile; fileRef = BFD12B132226EA190005686F /* RecognizerVC.swift */; };
		BFD3075322295B4C0054C80E /* Inceptionv3.mlmodel in Sources */ = {isa = PBXBuildFile; fileRef = BFD3075222295B4C0054C80E /* Inceptionv3.mlmodel */; };
		BFD58609224AD34A00F78CD5 /* RecipeAPIServiceTestCase.swift in Sources */ = {isa = PBXBuildFile; fileRef = BFD58608224AD34A00F78CD5 /* RecipeAPIServiceTestCase.swift */; };
		BFD58611224AD61100F78CD5 /* UrlProtocol.swift in Sources */ = {isa = PBXBuildFile; fileRef = BFD58610224AD61100F78CD5 /* UrlProtocol.swift */; };
		BFD58613224ADD4600F78CD5 /* UrlSession.swift in Sources */ = {isa = PBXBuildFile; fileRef = BFD58612224ADD4600F78CD5 /* UrlSession.swift */; };
		BFD58617224AE2BD00F78CD5 /* FakeResponse.swift in Sources */ = {isa = PBXBuildFile; fileRef = BFD58616224AE2BD00F78CD5 /* FakeResponse.swift */; };
		BFD58619224AE31800F78CD5 /* FakeResponseData.swift in Sources */ = {isa = PBXBuildFile; fileRef = BFD58618224AE31800F78CD5 /* FakeResponseData.swift */; };
		BFD5861B224AE5E700F78CD5 /* FixerSessionFake.swift in Sources */ = {isa = PBXBuildFile; fileRef = BFD5861A224AE5E700F78CD5 /* FixerSessionFake.swift */; };
		BFD58622224AFB2500F78CD5 /* UrlService.swift in Sources */ = {isa = PBXBuildFile; fileRef = BFD58614224ADF1A00F78CD5 /* UrlService.swift */; };
		BFD58623224AFBA600F78CD5 /* RecipeListAPIResult.swift in Sources */ = {isa = PBXBuildFile; fileRef = BF25534421F4E22100350118 /* RecipeListAPIResult.swift */; };
		BFD58624224AFBAA00F78CD5 /* RecipeDetailAPIResult.swift in Sources */ = {isa = PBXBuildFile; fileRef = BFAB1B0F2220967C00B8F55E /* RecipeDetailAPIResult.swift */; };
		BFD58628224B813200F78CD5 /* CoreDataTestCase.swift in Sources */ = {isa = PBXBuildFile; fileRef = BFD58627224B813200F78CD5 /* CoreDataTestCase.swift */; };
		BFD5862A224B993800F78CD5 /* AppDelegate.swift in Sources */ = {isa = PBXBuildFile; fileRef = BF92BFA521BF67E700EDF694 /* AppDelegate.swift */; };
		BFF48F20222D340600C312BE /* Colors.swift in Sources */ = {isa = PBXBuildFile; fileRef = BFF48F1F222D340600C312BE /* Colors.swift */; };
		BFF48F22222D735B00C312BE /* FavoritesListVC.swift in Sources */ = {isa = PBXBuildFile; fileRef = BFF48F21222D735B00C312BE /* FavoritesListVC.swift */; };
		BFF48F2B222D866200C312BE /* Recipe.swift in Sources */ = {isa = PBXBuildFile; fileRef = BFF48F2A222D866200C312BE /* Recipe.swift */; };
/* End PBXBuildFile section */

/* Begin PBXContainerItemProxy section */
		BFD5860B224AD34A00F78CD5 /* PBXContainerItemProxy */ = {
			isa = PBXContainerItemProxy;
			containerPortal = BF92BF9A21BF67E700EDF694 /* Project object */;
			proxyType = 1;
			remoteGlobalIDString = BF92BFA121BF67E700EDF694;
			remoteInfo = RecipleaseV1;
		};
/* End PBXContainerItemProxy section */

/* Begin PBXFileReference section */
		166FC4EAFB53C3F8C929F064 /* Pods-RecipleaseV1Tests.release.xcconfig */ = {isa = PBXFileReference; includeInIndex = 1; lastKnownFileType = text.xcconfig; name = "Pods-RecipleaseV1Tests.release.xcconfig"; path = "Pods/Target Support Files/Pods-RecipleaseV1Tests/Pods-RecipleaseV1Tests.release.xcconfig"; sourceTree = "<group>"; };
		21F9C6C3DC28ADC0EA0D484A /* Pods-RecipleaseV1.debug.xcconfig */ = {isa = PBXFileReference; includeInIndex = 1; lastKnownFileType = text.xcconfig; name = "Pods-RecipleaseV1.debug.xcconfig"; path = "Pods/Target Support Files/Pods-RecipleaseV1/Pods-RecipleaseV1.debug.xcconfig"; sourceTree = "<group>"; };
		2C8ADA9782E4BDCC46233358 /* Pods_RecipleaseV1.framework */ = {isa = PBXFileReference; explicitFileType = wrapper.framework; includeInIndex = 0; path = Pods_RecipleaseV1.framework; sourceTree = BUILT_PRODUCTS_DIR; };
		994BF08252B1BE72AB090088 /* Pods-RecipleaseV1.release.xcconfig */ = {isa = PBXFileReference; includeInIndex = 1; lastKnownFileType = text.xcconfig; name = "Pods-RecipleaseV1.release.xcconfig"; path = "Pods/Target Support Files/Pods-RecipleaseV1/Pods-RecipleaseV1.release.xcconfig"; sourceTree = "<group>"; };
		B37BDE0B7033D3FDF2A2700B /* Pods_RecipleaseV1Tests.framework */ = {isa = PBXFileReference; explicitFileType = wrapper.framework; includeInIndex = 0; path = Pods_RecipleaseV1Tests.framework; sourceTree = BUILT_PRODUCTS_DIR; };
		BF054D7F2217428F00C82CBB /* CellTableViewXib.xib */ = {isa = PBXFileReference; lastKnownFileType = file.xib; path = CellTableViewXib.xib; sourceTree = "<group>"; };
		BF165C5C223AF286003C48DF /* Ingredient.swift */ = {isa = PBXFileReference; lastKnownFileType = sourcecode.swift; path = Ingredient.swift; sourceTree = "<group>"; };
		BF1A3E0D21F9054200E915D7 /* Allergies.swift */ = {isa = PBXFileReference; lastKnownFileType = sourcecode.swift; path = Allergies.swift; sourceTree = "<group>"; };
		BF1A3E1721F9634400E915D7 /* AllergiesTableViewCell.swift */ = {isa = PBXFileReference; lastKnownFileType = sourcecode.swift; path = AllergiesTableViewCell.swift; sourceTree = "<group>"; };
		BF1C882722347FBA0085787A /* Instruction.swift */ = {isa = PBXFileReference; lastKnownFileType = sourcecode.swift; path = Instruction.swift; sourceTree = "<group>"; };
		BF1D91472231B6990077814C /* FavoriteDetailVC.swift */ = {isa = PBXFileReference; lastKnownFileType = sourcecode.swift; path = FavoriteDetailVC.swift; sourceTree = "<group>"; };
		BF25437F220A134B0094171B /* SegueExtension.swift */ = {isa = PBXFileReference; lastKnownFileType = sourcecode.swift; path = SegueExtension.swift; sourceTree = "<group>"; };
		BF254381220A65740094171B /* NavigationController.swift */ = {isa = PBXFileReference; lastKnownFileType = sourcecode.swift; path = NavigationController.swift; sourceTree = "<group>"; };
		BF25534021F4DF2A00350118 /* RecipeAPIService.swift */ = {isa = PBXFileReference; lastKnownFileType = sourcecode.swift; path = RecipeAPIService.swift; sourceTree = "<group>"; };
		BF25534421F4E22100350118 /* RecipeListAPIResult.swift */ = {isa = PBXFileReference; lastKnownFileType = sourcecode.swift; path = RecipeListAPIResult.swift; sourceTree = "<group>"; };
		BF25534E21F5549600350118 /* AlertsExtension.swift */ = {isa = PBXFileReference; fileEncoding = 4; lastKnownFileType = sourcecode.swift; path = AlertsExtension.swift; sourceTree = "<group>"; };
		BF26F5012208859D0044A7F6 /* String.swift */ = {isa = PBXFileReference; lastKnownFileType = sourcecode.swift; path = String.swift; sourceTree = "<group>"; };
		BF2A712C222ABF9800B67563 /* FruitAndVegetables.mlmodel */ = {isa = PBXFileReference; lastKnownFileType = file.mlmodel; path = FruitAndVegetables.mlmodel; sourceTree = "<group>"; };
		BF2BB7B72219AC0E0082EC59 /* AllergiesVC.swift */ = {isa = PBXFileReference; lastKnownFileType = sourcecode.swift; path = AllergiesVC.swift; sourceTree = "<group>"; };
		BF2D240B220E435000A7F427 /* ResultListRecipeVC.swift */ = {isa = PBXFileReference; lastKnownFileType = sourcecode.swift; path = ResultListRecipeVC.swift; sourceTree = "<group>"; };
		BF5DD2A0223902C2004D2533 /* CustomTableViewCell.swift */ = {isa = PBXFileReference; fileEncoding = 4; lastKnownFileType = sourcecode.swift; path = CustomTableViewCell.swift; sourceTree = "<group>"; };
		BF8D34C8220B370D009C6629 /* recipes.json */ = {isa = PBXFileReference; lastKnownFileType = text.json; path = recipes.json; sourceTree = "<group>"; };
		BF8D34F5220C95DB009C6629 /* RecipeVC.swift */ = {isa = PBXFileReference; lastKnownFileType = sourcecode.swift; path = RecipeVC.swift; sourceTree = "<group>"; };
		BF8DCED6222EF10400A381DF /* Reciplease.xcdatamodel */ = {isa = PBXFileReference; lastKnownFileType = wrapper.xcdatamodel; path = Reciplease.xcdatamodel; sourceTree = "<group>"; };
		BF92BFA221BF67E700EDF694 /* RecipleaseV1.app */ = {isa = PBXFileReference; explicitFileType = wrapper.application; includeInIndex = 0; path = RecipleaseV1.app; sourceTree = BUILT_PRODUCTS_DIR; };
		BF92BFA521BF67E700EDF694 /* AppDelegate.swift */ = {isa = PBXFileReference; lastKnownFileType = sourcecode.swift; path = AppDelegate.swift; sourceTree = "<group>"; };
		BF92BFAA21BF67E700EDF694 /* Base */ = {isa = PBXFileReference; lastKnownFileType = file.storyboard; name = Base; path = Base.lproj/Main.storyboard; sourceTree = "<group>"; };
		BF92BFAF21BF67EA00EDF694 /* Assets.xcassets */ = {isa = PBXFileReference; lastKnownFileType = folder.assetcatalog; path = Assets.xcassets; sourceTree = "<group>"; };
		BF92BFB221BF67EA00EDF694 /* Base */ = {isa = PBXFileReference; lastKnownFileType = file.storyboard; name = Base; path = Base.lproj/LaunchScreen.storyboard; sourceTree = "<group>"; };
		BF92BFB421BF67EA00EDF694 /* Info.plist */ = {isa = PBXFileReference; lastKnownFileType = text.plist.xml; path = Info.plist; sourceTree = "<group>"; };
		BF92BFBF21C0171D00EDF694 /* whatever it takes.ttf */ = {isa = PBXFileReference; lastKnownFileType = file; path = "whatever it takes.ttf"; sourceTree = "<group>"; };
		BF92BFC121C0177000EDF694 /* whatever it takes bold.ttf */ = {isa = PBXFileReference; lastKnownFileType = file; path = "whatever it takes bold.ttf"; sourceTree = "<group>"; };
		BF92BFC321C0352400EDF694 /* SearchForRecipesVC.swift */ = {isa = PBXFileReference; lastKnownFileType = sourcecode.swift; path = SearchForRecipesVC.swift; sourceTree = "<group>"; };
		BF92BFC521C094FF00EDF694 /* Podfile */ = {isa = PBXFileReference; fileEncoding = 4; lastKnownFileType = text; name = Podfile; path = RecipleaseV1/Podfile; sourceTree = "<group>"; };
		BFAB1B0D2220839200B8F55E /* recipeDetail.json */ = {isa = PBXFileReference; lastKnownFileType = text.json; path = recipeDetail.json; sourceTree = "<group>"; };
		BFAB1B0F2220967C00B8F55E /* RecipeDetailAPIResult.swift */ = {isa = PBXFileReference; lastKnownFileType = sourcecode.swift; path = RecipeDetailAPIResult.swift; sourceTree = "<group>"; };
		BFC62BA921FA668E0097E0B0 /* UrlYummlyConstructProtocol.swift */ = {isa = PBXFileReference; lastKnownFileType = sourcecode.swift; path = UrlYummlyConstructProtocol.swift; sourceTree = "<group>"; };
		BFC62BAB21FA69160097E0B0 /* RecipeSession.swift */ = {isa = PBXFileReference; lastKnownFileType = sourcecode.swift; path = RecipeSession.swift; sourceTree = "<group>"; };
		BFD12B132226EA190005686F /* RecognizerVC.swift */ = {isa = PBXFileReference; lastKnownFileType = sourcecode.swift; path = RecognizerVC.swift; sourceTree = "<group>"; };
		BFD3075222295B4C0054C80E /* Inceptionv3.mlmodel */ = {isa = PBXFileReference; lastKnownFileType = file.mlmodel; path = Inceptionv3.mlmodel; sourceTree = "<group>"; };
		BFD58606224AD34A00F78CD5 /* RecipleaseV1Tests.xctest */ = {isa = PBXFileReference; explicitFileType = wrapper.cfbundle; includeInIndex = 0; path = RecipleaseV1Tests.xctest; sourceTree = BUILT_PRODUCTS_DIR; };
		BFD58608224AD34A00F78CD5 /* RecipeAPIServiceTestCase.swift */ = {isa = PBXFileReference; lastKnownFileType = sourcecode.swift; path = RecipeAPIServiceTestCase.swift; sourceTree = "<group>"; };
		BFD5860A224AD34A00F78CD5 /* Info.plist */ = {isa = PBXFileReference; lastKnownFileType = text.plist.xml; path = Info.plist; sourceTree = "<group>"; };
		BFD58610224AD61100F78CD5 /* UrlProtocol.swift */ = {isa = PBXFileReference; lastKnownFileType = sourcecode.swift; name = UrlProtocol.swift; path = RecipleaseV1/Model/UrlProtocol.swift; sourceTree = SOURCE_ROOT; };
		BFD58612224ADD4600F78CD5 /* UrlSession.swift */ = {isa = PBXFileReference; lastKnownFileType = sourcecode.swift; path = UrlSession.swift; sourceTree = "<group>"; };
		BFD58614224ADF1A00F78CD5 /* UrlService.swift */ = {isa = PBXFileReference; lastKnownFileType = sourcecode.swift; path = UrlService.swift; sourceTree = "<group>"; };
		BFD58616224AE2BD00F78CD5 /* FakeResponse.swift */ = {isa = PBXFileReference; lastKnownFileType = sourcecode.swift; path = FakeResponse.swift; sourceTree = "<group>"; };
		BFD58618224AE31800F78CD5 /* FakeResponseData.swift */ = {isa = PBXFileReference; lastKnownFileType = sourcecode.swift; name = FakeResponseData.swift; path = ../FakeResponseData.swift; sourceTree = "<group>"; };
		BFD5861A224AE5E700F78CD5 /* FixerSessionFake.swift */ = {isa = PBXFileReference; lastKnownFileType = sourcecode.swift; path = FixerSessionFake.swift; sourceTree = "<group>"; };
		BFD58627224B813200F78CD5 /* CoreDataTestCase.swift */ = {isa = PBXFileReference; lastKnownFileType = sourcecode.swift; path = CoreDataTestCase.swift; sourceTree = "<group>"; };
		BFF48F1F222D340600C312BE /* Colors.swift */ = {isa = PBXFileReference; lastKnownFileType = sourcecode.swift; path = Colors.swift; sourceTree = "<group>"; };
		BFF48F21222D735B00C312BE /* FavoritesListVC.swift */ = {isa = PBXFileReference; lastKnownFileType = sourcecode.swift; path = FavoritesListVC.swift; sourceTree = "<group>"; };
		BFF48F2A222D866200C312BE /* Recipe.swift */ = {isa = PBXFileReference; lastKnownFileType = sourcecode.swift; path = Recipe.swift; sourceTree = "<group>"; };
		DAE9077F594062923143D854 /* Pods-RecipleaseV1Tests.debug.xcconfig */ = {isa = PBXFileReference; includeInIndex = 1; lastKnownFileType = text.xcconfig; name = "Pods-RecipleaseV1Tests.debug.xcconfig"; path = "Pods/Target Support Files/Pods-RecipleaseV1Tests/Pods-RecipleaseV1Tests.debug.xcconfig"; sourceTree = "<group>"; };
/* End PBXFileReference section */

/* Begin PBXFrameworksBuildPhase section */
		BF92BF9F21BF67E700EDF694 /* Frameworks */ = {
			isa = PBXFrameworksBuildPhase;
			buildActionMask = 2147483647;
			files = (
				450E28DA47CC7B2EFC6A0316 /* Pods_RecipleaseV1.framework in Frameworks */,
			);
			runOnlyForDeploymentPostprocessing = 0;
		};
		BFD58603224AD34A00F78CD5 /* Frameworks */ = {
			isa = PBXFrameworksBuildPhase;
			buildActionMask = 2147483647;
			files = (
				5C5CD740F1D38602C72BE305 /* Pods_RecipleaseV1Tests.framework in Frameworks */,
			);
			runOnlyForDeploymentPostprocessing = 0;
		};
/* End PBXFrameworksBuildPhase section */

/* Begin PBXGroup section */
		1BA93EAEBF43297E22683682 /* Frameworks */ = {
			isa = PBXGroup;
			children = (
				2C8ADA9782E4BDCC46233358 /* Pods_RecipleaseV1.framework */,
				B37BDE0B7033D3FDF2A2700B /* Pods_RecipleaseV1Tests.framework */,
			);
			name = Frameworks;
			sourceTree = "<group>";
		};
		8DBC0ACFF548DCA34B301DFF /* Pods */ = {
			isa = PBXGroup;
			children = (
				21F9C6C3DC28ADC0EA0D484A /* Pods-RecipleaseV1.debug.xcconfig */,
				994BF08252B1BE72AB090088 /* Pods-RecipleaseV1.release.xcconfig */,
				DAE9077F594062923143D854 /* Pods-RecipleaseV1Tests.debug.xcconfig */,
				166FC4EAFB53C3F8C929F064 /* Pods-RecipleaseV1Tests.release.xcconfig */,
			);
			name = Pods;
			sourceTree = "<group>";
		};
		BF92BF9921BF67E700EDF694 = {
			isa = PBXGroup;
			children = (
				BF92BFA421BF67E700EDF694 /* RecipleaseV1 */,
				BFD58607224AD34A00F78CD5 /* RecipleaseV1Tests */,
				BF92BFBE21C0170200EDF694 /* Fonts */,
				BF92BFA321BF67E700EDF694 /* Products */,
				BF92BFC521C094FF00EDF694 /* Podfile */,
				8DBC0ACFF548DCA34B301DFF /* Pods */,
				1BA93EAEBF43297E22683682 /* Frameworks */,
			);
			sourceTree = "<group>";
		};
		BF92BFA321BF67E700EDF694 /* Products */ = {
			isa = PBXGroup;
			children = (
				BF92BFA221BF67E700EDF694 /* RecipleaseV1.app */,
				BFD58606224AD34A00F78CD5 /* RecipleaseV1Tests.xctest */,
			);
			name = Products;
			sourceTree = "<group>";
		};
		BF92BFA421BF67E700EDF694 /* RecipleaseV1 */ = {
			isa = PBXGroup;
			children = (
				BF92BFBA21BF681200EDF694 /* Model */,
				BF92BFBC21BF681600EDF694 /* Controller */,
				BF92BFBB21BF681400EDF694 /* View */,
				BF92BFBD21BF682000EDF694 /* Extension */,
				BF92BFAF21BF67EA00EDF694 /* Assets.xcassets */,
				BF92BFA521BF67E700EDF694 /* AppDelegate.swift */,
				BF92BFB421BF67EA00EDF694 /* Info.plist */,
			);
			path = RecipleaseV1;
			sourceTree = "<group>";
		};
		BF92BFBA21BF681200EDF694 /* Model */ = {
			isa = PBXGroup;
			children = (
				BFF48F2C222D86A700C312BE /* Favorite */,
				BFD3075422295B6A0054C80E /* Model CoreML */,
				BFC62BB021FBCEA80097E0B0 /* Allergies */,
				BFC62BAF21FBCE7E0097E0B0 /* Recipes */,
			);
			path = Model;
			sourceTree = "<group>";
		};
		BF92BFBB21BF681400EDF694 /* View */ = {
			isa = PBXGroup;
			children = (
				BF92BFA921BF67E700EDF694 /* Main.storyboard */,
				BF92BFB121BF67EA00EDF694 /* LaunchScreen.storyboard */,
				BF054D7F2217428F00C82CBB /* CellTableViewXib.xib */,
				BF5DD2A0223902C2004D2533 /* CustomTableViewCell.swift */,
				BF254381220A65740094171B /* NavigationController.swift */,
				BF1A3E1721F9634400E915D7 /* AllergiesTableViewCell.swift */,
			);
			path = View;
			sourceTree = "<group>";
		};
		BF92BFBC21BF681600EDF694 /* Controller */ = {
			isa = PBXGroup;
			children = (
				BF92BFC321C0352400EDF694 /* SearchForRecipesVC.swift */,
				BF2D240B220E435000A7F427 /* ResultListRecipeVC.swift */,
				BF8D34F5220C95DB009C6629 /* RecipeVC.swift */,
				BFF48F21222D735B00C312BE /* FavoritesListVC.swift */,
				BF1D91472231B6990077814C /* FavoriteDetailVC.swift */,
				BFD12B132226EA190005686F /* RecognizerVC.swift */,
				BF2BB7B72219AC0E0082EC59 /* AllergiesVC.swift */,
			);
			path = Controller;
			sourceTree = "<group>";
		};
		BF92BFBD21BF682000EDF694 /* Extension */ = {
			isa = PBXGroup;
			children = (
				BFF48F1F222D340600C312BE /* Colors.swift */,
				BF25534E21F5549600350118 /* AlertsExtension.swift */,
				BF26F5012208859D0044A7F6 /* String.swift */,
				BF25437F220A134B0094171B /* SegueExtension.swift */,
			);
			path = Extension;
			sourceTree = "<group>";
		};
		BF92BFBE21C0170200EDF694 /* Fonts */ = {
			isa = PBXGroup;
			children = (
				BF92BFBF21C0171D00EDF694 /* whatever it takes.ttf */,
				BF92BFC121C0177000EDF694 /* whatever it takes bold.ttf */,
			);
			path = Fonts;
			sourceTree = "<group>";
		};
		BFC62BAF21FBCE7E0097E0B0 /* Recipes */ = {
			isa = PBXGroup;
			children = (
				BFC62BA921FA668E0097E0B0 /* UrlYummlyConstructProtocol.swift */,
				BFC62BAB21FA69160097E0B0 /* RecipeSession.swift */,
				BF25534021F4DF2A00350118 /* RecipeAPIService.swift */,
				BF25534421F4E22100350118 /* RecipeListAPIResult.swift */,
				BFAB1B0F2220967C00B8F55E /* RecipeDetailAPIResult.swift */,
			);
			path = Recipes;
			sourceTree = "<group>";
		};
		BFC62BB021FBCEA80097E0B0 /* Allergies */ = {
			isa = PBXGroup;
			children = (
				BF1A3E0D21F9054200E915D7 /* Allergies.swift */,
			);
			path = Allergies;
			sourceTree = "<group>";
		};
		BFD3075422295B6A0054C80E /* Model CoreML */ = {
			isa = PBXGroup;
			children = (
				BFD3075222295B4C0054C80E /* Inceptionv3.mlmodel */,
				BF2A712C222ABF9800B67563 /* FruitAndVegetables.mlmodel */,
			);
			path = "Model CoreML";
			sourceTree = "<group>";
		};
		BFD58607224AD34A00F78CD5 /* RecipleaseV1Tests */ = {
			isa = PBXGroup;
			children = (
				BFD58626224B80C900F78CD5 /* RequestAPIServiceTests */,
				BFD58625224B809200F78CD5 /* CoreDataTests */,
				BFD58610224AD61100F78CD5 /* UrlProtocol.swift */,
				BFD58612224ADD4600F78CD5 /* UrlSession.swift */,
				BFD5861A224AE5E700F78CD5 /* FixerSessionFake.swift */,
				BFD58614224ADF1A00F78CD5 /* UrlService.swift */,
				BFD58618224AE31800F78CD5 /* FakeResponseData.swift */,
				BFD58616224AE2BD00F78CD5 /* FakeResponse.swift */,
				BFD5860A224AD34A00F78CD5 /* Info.plist */,
				BF8D34C8220B370D009C6629 /* recipes.json */,
				BFAB1B0D2220839200B8F55E /* recipeDetail.json */,
			);
			path = RecipleaseV1Tests;
			sourceTree = "<group>";
		};
		BFD58625224B809200F78CD5 /* CoreDataTests */ = {
			isa = PBXGroup;
			children = (
			);
			path = CoreDataTests;
			sourceTree = "<group>";
		};
		BFD58626224B80C900F78CD5 /* RequestAPIServiceTests */ = {
			isa = PBXGroup;
			children = (
				BFD58608224AD34A00F78CD5 /* RecipeAPIServiceTestCase.swift */,
				BFD58627224B813200F78CD5 /* CoreDataTestCase.swift */,
			);
			path = RequestAPIServiceTests;
			sourceTree = "<group>";
		};
		BFF48F2C222D86A700C312BE /* Favorite */ = {
			isa = PBXGroup;
			children = (
				BF8DCED5222EF10400A381DF /* Reciplease.xcdatamodeld */,
				BF165C5C223AF286003C48DF /* Ingredient.swift */,
				BF1C882722347FBA0085787A /* Instruction.swift */,
				BFF48F2A222D866200C312BE /* Recipe.swift */,
			);
			path = Favorite;
			sourceTree = "<group>";
		};
/* End PBXGroup section */

/* Begin PBXNativeTarget section */
		BF92BFA121BF67E700EDF694 /* RecipleaseV1 */ = {
			isa = PBXNativeTarget;
			buildConfigurationList = BF92BFB721BF67EA00EDF694 /* Build configuration list for PBXNativeTarget "RecipleaseV1" */;
			buildPhases = (
				0B86BB1C38F4A4CBAD029188 /* [CP] Check Pods Manifest.lock */,
				BF92BF9E21BF67E700EDF694 /* Sources */,
				BF92BF9F21BF67E700EDF694 /* Frameworks */,
				BF92BFA021BF67E700EDF694 /* Resources */,
				077350B90419FD775D2A1B14 /* [CP] Embed Pods Frameworks */,
			);
			buildRules = (
			);
			dependencies = (
			);
			name = RecipleaseV1;
			productName = RecipleaseV1;
			productReference = BF92BFA221BF67E700EDF694 /* RecipleaseV1.app */;
			productType = "com.apple.product-type.application";
		};
		BFD58605224AD34A00F78CD5 /* RecipleaseV1Tests */ = {
			isa = PBXNativeTarget;
			buildConfigurationList = BFD5860F224AD34A00F78CD5 /* Build configuration list for PBXNativeTarget "RecipleaseV1Tests" */;
			buildPhases = (
				5DE013836B8B1DFB85D12531 /* [CP] Check Pods Manifest.lock */,
				BFD58602224AD34A00F78CD5 /* Sources */,
				BFD58603224AD34A00F78CD5 /* Frameworks */,
				BFD58604224AD34A00F78CD5 /* Resources */,
				A39DC7A359E0558CB7D1383B /* [CP] Embed Pods Frameworks */,
			);
			buildRules = (
			);
			dependencies = (
				BFD5860C224AD34A00F78CD5 /* PBXTargetDependency */,
			);
			name = RecipleaseV1Tests;
			productName = RecipleaseV1Tests;
			productReference = BFD58606224AD34A00F78CD5 /* RecipleaseV1Tests.xctest */;
			productType = "com.apple.product-type.bundle.unit-test";
		};
/* End PBXNativeTarget section */

/* Begin PBXProject section */
		BF92BF9A21BF67E700EDF694 /* Project object */ = {
			isa = PBXProject;
			attributes = {
				LastSwiftUpdateCheck = 1020;
				LastUpgradeCheck = 1010;
				ORGANIZATIONNAME = VBoulanger;
				TargetAttributes = {
					BF92BFA121BF67E700EDF694 = {
						CreatedOnToolsVersion = 10.1;
						LastSwiftMigration = 1020;
					};
					BFD58605224AD34A00F78CD5 = {
						CreatedOnToolsVersion = 10.2;
						TestTargetID = BF92BFA121BF67E700EDF694;
					};
				};
			};
			buildConfigurationList = BF92BF9D21BF67E700EDF694 /* Build configuration list for PBXProject "RecipleaseV1" */;
			compatibilityVersion = "Xcode 9.3";
			developmentRegion = en;
			hasScannedForEncodings = 0;
			knownRegions = (
				en,
				Base,
			);
			mainGroup = BF92BF9921BF67E700EDF694;
			productRefGroup = BF92BFA321BF67E700EDF694 /* Products */;
			projectDirPath = "";
			projectRoot = "";
			targets = (
				BF92BFA121BF67E700EDF694 /* RecipleaseV1 */,
				BFD58605224AD34A00F78CD5 /* RecipleaseV1Tests */,
			);
		};
/* End PBXProject section */

/* Begin PBXResourcesBuildPhase section */
		BF92BFA021BF67E700EDF694 /* Resources */ = {
			isa = PBXResourcesBuildPhase;
			buildActionMask = 2147483647;
			files = (
				BF92BFC621C094FF00EDF694 /* Podfile in Resources */,
				BFAB1B0E2220839200B8F55E /* recipeDetail.json in Resources */,
				BF92BFC021C0171D00EDF694 /* whatever it takes.ttf in Resources */,
				BF92BFC221C0177000EDF694 /* whatever it takes bold.ttf in Resources */,
				BF054D802217428F00C82CBB /* CellTableViewXib.xib in Resources */,
				BF92BFB321BF67EA00EDF694 /* LaunchScreen.storyboard in Resources */,
				BF92BFB021BF67EA00EDF694 /* Assets.xcassets in Resources */,
				BF8D34C9220B370D009C6629 /* recipes.json in Resources */,
				BF92BFAB21BF67E700EDF694 /* Main.storyboard in Resources */,
			);
			runOnlyForDeploymentPostprocessing = 0;
		};
		BFD58604224AD34A00F78CD5 /* Resources */ = {
			isa = PBXResourcesBuildPhase;
			buildActionMask = 2147483647;
			files = (
			);
			runOnlyForDeploymentPostprocessing = 0;
		};
/* End PBXResourcesBuildPhase section */

/* Begin PBXShellScriptBuildPhase section */
		077350B90419FD775D2A1B14 /* [CP] Embed Pods Frameworks */ = {
			isa = PBXShellScriptBuildPhase;
			buildActionMask = 2147483647;
			files = (
			);
			inputFileListPaths = (
			);
			inputPaths = (
				"${SRCROOT}/Pods/Target Support Files/Pods-RecipleaseV1/Pods-RecipleaseV1-frameworks.sh",
				"${BUILT_PRODUCTS_DIR}/Alamofire-iOS12.1/Alamofire.framework",
			);
			name = "[CP] Embed Pods Frameworks";
			outputFileListPaths = (
			);
			outputPaths = (
				"${TARGET_BUILD_DIR}/${FRAMEWORKS_FOLDER_PATH}/Alamofire.framework",
			);
			runOnlyForDeploymentPostprocessing = 0;
			shellPath = /bin/sh;
			shellScript = "\"${SRCROOT}/Pods/Target Support Files/Pods-RecipleaseV1/Pods-RecipleaseV1-frameworks.sh\"\n";
			showEnvVarsInLog = 0;
		};
		0B86BB1C38F4A4CBAD029188 /* [CP] Check Pods Manifest.lock */ = {
			isa = PBXShellScriptBuildPhase;
			buildActionMask = 2147483647;
			files = (
			);
			inputFileListPaths = (
			);
			inputPaths = (
				"${PODS_PODFILE_DIR_PATH}/Podfile.lock",
				"${PODS_ROOT}/Manifest.lock",
			);
			name = "[CP] Check Pods Manifest.lock";
			outputFileListPaths = (
			);
			outputPaths = (
				"$(DERIVED_FILE_DIR)/Pods-RecipleaseV1-checkManifestLockResult.txt",
			);
			runOnlyForDeploymentPostprocessing = 0;
			shellPath = /bin/sh;
			shellScript = "diff \"${PODS_PODFILE_DIR_PATH}/Podfile.lock\" \"${PODS_ROOT}/Manifest.lock\" > /dev/null\nif [ $? != 0 ] ; then\n    # print error to STDERR\n    echo \"error: The sandbox is not in sync with the Podfile.lock. Run 'pod install' or update your CocoaPods installation.\" >&2\n    exit 1\nfi\n# This output is used by Xcode 'outputs' to avoid re-running this script phase.\necho \"SUCCESS\" > \"${SCRIPT_OUTPUT_FILE_0}\"\n";
			showEnvVarsInLog = 0;
		};
		5DE013836B8B1DFB85D12531 /* [CP] Check Pods Manifest.lock */ = {
			isa = PBXShellScriptBuildPhase;
			buildActionMask = 2147483647;
			files = (
			);
			inputFileListPaths = (
			);
			inputPaths = (
				"${PODS_PODFILE_DIR_PATH}/Podfile.lock",
				"${PODS_ROOT}/Manifest.lock",
			);
			name = "[CP] Check Pods Manifest.lock";
			outputFileListPaths = (
			);
			outputPaths = (
				"$(DERIVED_FILE_DIR)/Pods-RecipleaseV1Tests-checkManifestLockResult.txt",
			);
			runOnlyForDeploymentPostprocessing = 0;
			shellPath = /bin/sh;
			shellScript = "diff \"${PODS_PODFILE_DIR_PATH}/Podfile.lock\" \"${PODS_ROOT}/Manifest.lock\" > /dev/null\nif [ $? != 0 ] ; then\n    # print error to STDERR\n    echo \"error: The sandbox is not in sync with the Podfile.lock. Run 'pod install' or update your CocoaPods installation.\" >&2\n    exit 1\nfi\n# This output is used by Xcode 'outputs' to avoid re-running this script phase.\necho \"SUCCESS\" > \"${SCRIPT_OUTPUT_FILE_0}\"\n";
			showEnvVarsInLog = 0;
		};
		A39DC7A359E0558CB7D1383B /* [CP] Embed Pods Frameworks */ = {
			isa = PBXShellScriptBuildPhase;
			buildActionMask = 2147483647;
			files = (
			);
			inputFileListPaths = (
			);
			inputPaths = (
				"${SRCROOT}/Pods/Target Support Files/Pods-RecipleaseV1Tests/Pods-RecipleaseV1Tests-frameworks.sh",
				"${BUILT_PRODUCTS_DIR}/Alamofire-iOS12.2/Alamofire.framework",
			);
			name = "[CP] Embed Pods Frameworks";
			outputFileListPaths = (
			);
			outputPaths = (
				"${TARGET_BUILD_DIR}/${FRAMEWORKS_FOLDER_PATH}/Alamofire.framework",
			);
			runOnlyForDeploymentPostprocessing = 0;
			shellPath = /bin/sh;
			shellScript = "\"${SRCROOT}/Pods/Target Support Files/Pods-RecipleaseV1Tests/Pods-RecipleaseV1Tests-frameworks.sh\"\n";
			showEnvVarsInLog = 0;
		};
/* End PBXShellScriptBuildPhase section */

/* Begin PBXSourcesBuildPhase section */
		BF92BF9E21BF67E700EDF694 /* Sources */ = {
			isa = PBXSourcesBuildPhase;
			buildActionMask = 2147483647;
			files = (
				BF8DCED7222EF10400A381DF /* Reciplease.xcdatamodeld in Sources */,
				BF1A3E0E21F9054200E915D7 /* Allergies.swift in Sources */,
				BF25534521F4E22100350118 /* RecipeListAPIResult.swift in Sources */,
				BFF48F22222D735B00C312BE /* FavoritesListVC.swift in Sources */,
				BF26F5022208859D0044A7F6 /* String.swift in Sources */,
				BF254380220A134B0094171B /* SegueExtension.swift in Sources */,
				BFC62BAA21FA668E0097E0B0 /* UrlYummlyConstructProtocol.swift in Sources */,
				BF92BFA621BF67E700EDF694 /* AppDelegate.swift in Sources */,
				BF2BB7B82219AC0E0082EC59 /* AllergiesVC.swift in Sources */,
				BF5DD2A1223902C2004D2533 /* CustomTableViewCell.swift in Sources */,
				BFD3075322295B4C0054C80E /* Inceptionv3.mlmodel in Sources */,
				BFD12B142226EA190005686F /* RecognizerVC.swift in Sources */,
				BF254382220A65740094171B /* NavigationController.swift in Sources */,
				BF1A3E1821F9634400E915D7 /* AllergiesTableViewCell.swift in Sources */,
				BF25534121F4DF2A00350118 /* RecipeAPIService.swift in Sources */,
				BF165C5D223AF286003C48DF /* Ingredient.swift in Sources */,
				BF1D91482231B6990077814C /* FavoriteDetailVC.swift in Sources */,
				BF2A712D222ABF9800B67563 /* FruitAndVegetables.mlmodel in Sources */,
				BF8D34F6220C95DB009C6629 /* RecipeVC.swift in Sources */,
				BFC62BAC21FA69160097E0B0 /* RecipeSession.swift in Sources */,
				BFF48F20222D340600C312BE /* Colors.swift in Sources */,
				BF1C882822347FBA0085787A /* Instruction.swift in Sources */,
				BF92BFC421C0352400EDF694 /* SearchForRecipesVC.swift in Sources */,
				BFAB1B102220967C00B8F55E /* RecipeDetailAPIResult.swift in Sources */,
				BFF48F2B222D866200C312BE /* Recipe.swift in Sources */,
				BF2D240C220E435000A7F427 /* ResultListRecipeVC.swift in Sources */,
				BF25534F21F5549600350118 /* AlertsExtension.swift in Sources */,
			);
			runOnlyForDeploymentPostprocessing = 0;
		};
		BFD58602224AD34A00F78CD5 /* Sources */ = {
			isa = PBXSourcesBuildPhase;
			buildActionMask = 2147483647;
			files = (
				BFD5862A224B993800F78CD5 /* AppDelegate.swift in Sources */,
				BFD58624224AFBAA00F78CD5 /* RecipeDetailAPIResult.swift in Sources */,
				BFD58617224AE2BD00F78CD5 /* FakeResponse.swift in Sources */,
				BFD58623224AFBA600F78CD5 /* RecipeListAPIResult.swift in Sources */,
				BFD58619224AE31800F78CD5 /* FakeResponseData.swift in Sources */,
				BFD58611224AD61100F78CD5 /* UrlProtocol.swift in Sources */,
				BFD58609224AD34A00F78CD5 /* RecipeAPIServiceTestCase.swift in Sources */,
				BFD58613224ADD4600F78CD5 /* UrlSession.swift in Sources */,
				BFD5861B224AE5E700F78CD5 /* FixerSessionFake.swift in Sources */,
				BFD58628224B813200F78CD5 /* CoreDataTestCase.swift in Sources */,
				BFD58622224AFB2500F78CD5 /* UrlService.swift in Sources */,
			);
			runOnlyForDeploymentPostprocessing = 0;
		};
/* End PBXSourcesBuildPhase section */

/* Begin PBXTargetDependency section */
		BFD5860C224AD34A00F78CD5 /* PBXTargetDependency */ = {
			isa = PBXTargetDependency;
			target = BF92BFA121BF67E700EDF694 /* RecipleaseV1 */;
			targetProxy = BFD5860B224AD34A00F78CD5 /* PBXContainerItemProxy */;
		};
/* End PBXTargetDependency section */

/* Begin PBXVariantGroup section */
		BF92BFA921BF67E700EDF694 /* Main.storyboard */ = {
			isa = PBXVariantGroup;
			children = (
				BF92BFAA21BF67E700EDF694 /* Base */,
			);
			name = Main.storyboard;
			sourceTree = "<group>";
		};
		BF92BFB121BF67EA00EDF694 /* LaunchScreen.storyboard */ = {
			isa = PBXVariantGroup;
			children = (
				BF92BFB221BF67EA00EDF694 /* Base */,
			);
			name = LaunchScreen.storyboard;
			sourceTree = "<group>";
		};
/* End PBXVariantGroup section */

/* Begin XCBuildConfiguration section */
		BF92BFB521BF67EA00EDF694 /* Debug */ = {
			isa = XCBuildConfiguration;
			buildSettings = {
				ALWAYS_SEARCH_USER_PATHS = NO;
				CLANG_ANALYZER_NONNULL = YES;
				CLANG_ANALYZER_NUMBER_OBJECT_CONVERSION = YES_AGGRESSIVE;
				CLANG_CXX_LANGUAGE_STANDARD = "gnu++14";
				CLANG_CXX_LIBRARY = "libc++";
				CLANG_ENABLE_MODULES = YES;
				CLANG_ENABLE_OBJC_ARC = YES;
				CLANG_ENABLE_OBJC_WEAK = YES;
				CLANG_WARN_BLOCK_CAPTURE_AUTORELEASING = YES;
				CLANG_WARN_BOOL_CONVERSION = YES;
				CLANG_WARN_COMMA = YES;
				CLANG_WARN_CONSTANT_CONVERSION = YES;
				CLANG_WARN_DEPRECATED_OBJC_IMPLEMENTATIONS = YES;
				CLANG_WARN_DIRECT_OBJC_ISA_USAGE = YES_ERROR;
				CLANG_WARN_DOCUMENTATION_COMMENTS = YES;
				CLANG_WARN_EMPTY_BODY = YES;
				CLANG_WARN_ENUM_CONVERSION = YES;
				CLANG_WARN_INFINITE_RECURSION = YES;
				CLANG_WARN_INT_CONVERSION = YES;
				CLANG_WARN_NON_LITERAL_NULL_CONVERSION = YES;
				CLANG_WARN_OBJC_IMPLICIT_RETAIN_SELF = YES;
				CLANG_WARN_OBJC_LITERAL_CONVERSION = YES;
				CLANG_WARN_OBJC_ROOT_CLASS = YES_ERROR;
				CLANG_WARN_RANGE_LOOP_ANALYSIS = YES;
				CLANG_WARN_STRICT_PROTOTYPES = YES;
				CLANG_WARN_SUSPICIOUS_MOVE = YES;
				CLANG_WARN_UNGUARDED_AVAILABILITY = YES_AGGRESSIVE;
				CLANG_WARN_UNREACHABLE_CODE = YES;
				CLANG_WARN__DUPLICATE_METHOD_MATCH = YES;
				CODE_SIGN_IDENTITY = "iPhone Developer";
				COPY_PHASE_STRIP = NO;
				DEBUG_INFORMATION_FORMAT = dwarf;
				ENABLE_STRICT_OBJC_MSGSEND = YES;
				ENABLE_TESTABILITY = YES;
				GCC_C_LANGUAGE_STANDARD = gnu11;
				GCC_DYNAMIC_NO_PIC = NO;
				GCC_NO_COMMON_BLOCKS = YES;
				GCC_OPTIMIZATION_LEVEL = 0;
				GCC_PREPROCESSOR_DEFINITIONS = (
					"DEBUG=1",
					"$(inherited)",
				);
				GCC_WARN_64_TO_32_BIT_CONVERSION = YES;
				GCC_WARN_ABOUT_RETURN_TYPE = YES_ERROR;
				GCC_WARN_UNDECLARED_SELECTOR = YES;
				GCC_WARN_UNINITIALIZED_AUTOS = YES_AGGRESSIVE;
				GCC_WARN_UNUSED_FUNCTION = YES;
				GCC_WARN_UNUSED_VARIABLE = YES;
				IPHONEOS_DEPLOYMENT_TARGET = 12.1;
				MTL_ENABLE_DEBUG_INFO = INCLUDE_SOURCE;
				MTL_FAST_MATH = YES;
				ONLY_ACTIVE_ARCH = YES;
				SDKROOT = iphoneos;
				SWIFT_ACTIVE_COMPILATION_CONDITIONS = DEBUG;
				SWIFT_OPTIMIZATION_LEVEL = "-Onone";
			};
			name = Debug;
		};
		BF92BFB621BF67EA00EDF694 /* Release */ = {
			isa = XCBuildConfiguration;
			buildSettings = {
				ALWAYS_SEARCH_USER_PATHS = NO;
				CLANG_ANALYZER_NONNULL = YES;
				CLANG_ANALYZER_NUMBER_OBJECT_CONVERSION = YES_AGGRESSIVE;
				CLANG_CXX_LANGUAGE_STANDARD = "gnu++14";
				CLANG_CXX_LIBRARY = "libc++";
				CLANG_ENABLE_MODULES = YES;
				CLANG_ENABLE_OBJC_ARC = YES;
				CLANG_ENABLE_OBJC_WEAK = YES;
				CLANG_WARN_BLOCK_CAPTURE_AUTORELEASING = YES;
				CLANG_WARN_BOOL_CONVERSION = YES;
				CLANG_WARN_COMMA = YES;
				CLANG_WARN_CONSTANT_CONVERSION = YES;
				CLANG_WARN_DEPRECATED_OBJC_IMPLEMENTATIONS = YES;
				CLANG_WARN_DIRECT_OBJC_ISA_USAGE = YES_ERROR;
				CLANG_WARN_DOCUMENTATION_COMMENTS = YES;
				CLANG_WARN_EMPTY_BODY = YES;
				CLANG_WARN_ENUM_CONVERSION = YES;
				CLANG_WARN_INFINITE_RECURSION = YES;
				CLANG_WARN_INT_CONVERSION = YES;
				CLANG_WARN_NON_LITERAL_NULL_CONVERSION = YES;
				CLANG_WARN_OBJC_IMPLICIT_RETAIN_SELF = YES;
				CLANG_WARN_OBJC_LITERAL_CONVERSION = YES;
				CLANG_WARN_OBJC_ROOT_CLASS = YES_ERROR;
				CLANG_WARN_RANGE_LOOP_ANALYSIS = YES;
				CLANG_WARN_STRICT_PROTOTYPES = YES;
				CLANG_WARN_SUSPICIOUS_MOVE = YES;
				CLANG_WARN_UNGUARDED_AVAILABILITY = YES_AGGRESSIVE;
				CLANG_WARN_UNREACHABLE_CODE = YES;
				CLANG_WARN__DUPLICATE_METHOD_MATCH = YES;
				CODE_SIGN_IDENTITY = "iPhone Developer";
				COPY_PHASE_STRIP = NO;
				DEBUG_INFORMATION_FORMAT = "dwarf-with-dsym";
				ENABLE_NS_ASSERTIONS = NO;
				ENABLE_STRICT_OBJC_MSGSEND = YES;
				GCC_C_LANGUAGE_STANDARD = gnu11;
				GCC_NO_COMMON_BLOCKS = YES;
				GCC_WARN_64_TO_32_BIT_CONVERSION = YES;
				GCC_WARN_ABOUT_RETURN_TYPE = YES_ERROR;
				GCC_WARN_UNDECLARED_SELECTOR = YES;
				GCC_WARN_UNINITIALIZED_AUTOS = YES_AGGRESSIVE;
				GCC_WARN_UNUSED_FUNCTION = YES;
				GCC_WARN_UNUSED_VARIABLE = YES;
				IPHONEOS_DEPLOYMENT_TARGET = 12.1;
				MTL_ENABLE_DEBUG_INFO = NO;
				MTL_FAST_MATH = YES;
				SDKROOT = iphoneos;
				SWIFT_COMPILATION_MODE = wholemodule;
				SWIFT_OPTIMIZATION_LEVEL = "-O";
				VALIDATE_PRODUCT = YES;
			};
			name = Release;
		};
		BF92BFB821BF67EA00EDF694 /* Debug */ = {
			isa = XCBuildConfiguration;
			baseConfigurationReference = 21F9C6C3DC28ADC0EA0D484A /* Pods-RecipleaseV1.debug.xcconfig */;
			buildSettings = {
				ASSETCATALOG_COMPILER_APPICON_NAME = AppIcon;
				CODE_SIGN_IDENTITY = "iPhone Developer";
				CODE_SIGN_STYLE = Automatic;
				DEVELOPMENT_TEAM = 6KQ6387NFD;
				INFOPLIST_FILE = RecipleaseV1/Info.plist;
				LD_RUNPATH_SEARCH_PATHS = (
					"$(inherited)",
					"@executable_path/Frameworks",
				);
				PRODUCT_BUNDLE_IDENTIFIER = "vBoulanger-Organization.RecipleaseV1";
				PRODUCT_NAME = "$(TARGET_NAME)";
				PROVISIONING_PROFILE_SPECIFIER = "";
				SWIFT_VERSION = 5.0;
				TARGETED_DEVICE_FAMILY = 1;
			};
			name = Debug;
		};
		BF92BFB921BF67EA00EDF694 /* Release */ = {
			isa = XCBuildConfiguration;
			baseConfigurationReference = 994BF08252B1BE72AB090088 /* Pods-RecipleaseV1.release.xcconfig */;
			buildSettings = {
				ASSETCATALOG_COMPILER_APPICON_NAME = AppIcon;
				CODE_SIGN_IDENTITY = "iPhone Developer";
				CODE_SIGN_STYLE = Automatic;
				DEVELOPMENT_TEAM = 6KQ6387NFD;
				INFOPLIST_FILE = RecipleaseV1/Info.plist;
				LD_RUNPATH_SEARCH_PATHS = (
					"$(inherited)",
					"@executable_path/Frameworks",
				);
				PRODUCT_BUNDLE_IDENTIFIER = "vBoulanger-Organization.RecipleaseV1";
				PRODUCT_NAME = "$(TARGET_NAME)";
				PROVISIONING_PROFILE_SPECIFIER = "";
				SWIFT_VERSION = 5.0;
				TARGETED_DEVICE_FAMILY = 1;
			};
			name = Release;
		};
		BFD5860D224AD34A00F78CD5 /* Debug */ = {
			isa = XCBuildConfiguration;
			baseConfigurationReference = DAE9077F594062923143D854 /* Pods-RecipleaseV1Tests.debug.xcconfig */;
			buildSettings = {
				BUNDLE_LOADER = "$(TEST_HOST)";
				CODE_SIGN_STYLE = Automatic;
				DEVELOPMENT_TEAM = 6KQ6387NFD;
				INFOPLIST_FILE = RecipleaseV1Tests/Info.plist;
				IPHONEOS_DEPLOYMENT_TARGET = 12.2;
				LD_RUNPATH_SEARCH_PATHS = (
					"$(inherited)",
					"@executable_path/Frameworks",
					"@loader_path/Frameworks",
				);
				PRODUCT_BUNDLE_IDENTIFIER = "vBoulanger-Organization.RecipleaseV1Tests";
				PRODUCT_NAME = "$(TARGET_NAME)";
				SWIFT_VERSION = 5.0;
				TARGETED_DEVICE_FAMILY = "1,2";
				TEST_HOST = "$(BUILT_PRODUCTS_DIR)/RecipleaseV1.app/RecipleaseV1";
			};
			name = Debug;
		};
		BFD5860E224AD34A00F78CD5 /* Release */ = {
			isa = XCBuildConfiguration;
			baseConfigurationReference = 166FC4EAFB53C3F8C929F064 /* Pods-RecipleaseV1Tests.release.xcconfig */;
			buildSettings = {
				BUNDLE_LOADER = "$(TEST_HOST)";
				CODE_SIGN_STYLE = Automatic;
				DEVELOPMENT_TEAM = 6KQ6387NFD;
				INFOPLIST_FILE = RecipleaseV1Tests/Info.plist;
				IPHONEOS_DEPLOYMENT_TARGET = 12.2;
				LD_RUNPATH_SEARCH_PATHS = (
					"$(inherited)",
					"@executable_path/Frameworks",
					"@loader_path/Frameworks",
				);
				PRODUCT_BUNDLE_IDENTIFIER = "vBoulanger-Organization.RecipleaseV1Tests";
				PRODUCT_NAME = "$(TARGET_NAME)";
				SWIFT_VERSION = 5.0;
				TARGETED_DEVICE_FAMILY = "1,2";
				TEST_HOST = "$(BUILT_PRODUCTS_DIR)/RecipleaseV1.app/RecipleaseV1";
			};
			name = Release;
		};
/* End XCBuildConfiguration section */

/* Begin XCConfigurationList section */
		BF92BF9D21BF67E700EDF694 /* Build configuration list for PBXProject "RecipleaseV1" */ = {
			isa = XCConfigurationList;
			buildConfigurations = (
				BF92BFB521BF67EA00EDF694 /* Debug */,
				BF92BFB621BF67EA00EDF694 /* Release */,
			);
			defaultConfigurationIsVisible = 0;
			defaultConfigurationName = Release;
		};
		BF92BFB721BF67EA00EDF694 /* Build configuration list for PBXNativeTarget "RecipleaseV1" */ = {
			isa = XCConfigurationList;
			buildConfigurations = (
				BF92BFB821BF67EA00EDF694 /* Debug */,
				BF92BFB921BF67EA00EDF694 /* Release */,
			);
			defaultConfigurationIsVisible = 0;
			defaultConfigurationName = Release;
		};
		BFD5860F224AD34A00F78CD5 /* Build configuration list for PBXNativeTarget "RecipleaseV1Tests" */ = {
			isa = XCConfigurationList;
			buildConfigurations = (
				BFD5860D224AD34A00F78CD5 /* Debug */,
				BFD5860E224AD34A00F78CD5 /* Release */,
			);
			defaultConfigurationIsVisible = 0;
			defaultConfigurationName = Release;
		};
/* End XCConfigurationList section */

/* Begin XCVersionGroup section */
		BF8DCED5222EF10400A381DF /* Reciplease.xcdatamodeld */ = {
			isa = XCVersionGroup;
			children = (
				BF8DCED6222EF10400A381DF /* Reciplease.xcdatamodel */,
			);
			currentVersion = BF8DCED6222EF10400A381DF /* Reciplease.xcdatamodel */;
			path = Reciplease.xcdatamodeld;
			sourceTree = "<group>";
			versionGroupType = wrapper.xcdatamodel;
		};
/* End XCVersionGroup section */
	};
	rootObject = BF92BF9A21BF67E700EDF694 /* Project object */;
}
