// !$*UTF8*$!
{
	archiveVersion = 1;
	classes = {
	};
	objectVersion = 50;
	objects = {

/* Begin PBXBuildFile section */
		450E28DA47CC7B2EFC6A0316 /* Pods_RecipleaseV1.framework in Frameworks */ = {isa = PBXBuildFile; fileRef = 2C8ADA9782E4BDCC46233358 /* Pods_RecipleaseV1.framework */; };
		BF054D802217428F00C82CBB /* CellTableViewXib.xib in Resources */ = {isa = PBXBuildFile; fileRef = BF054D7F2217428F00C82CBB /* CellTableViewXib.xib */; };
		BF054D85221766B100C82CBB /* CustomTableViewCell.swift in Sources */ = {isa = PBXBuildFile; fileRef = BF054D83221766B100C82CBB /* CustomTableViewCell.swift */; };
		BF1A3E0E21F9054200E915D7 /* Allergies.swift in Sources */ = {isa = PBXBuildFile; fileRef = BF1A3E0D21F9054200E915D7 /* Allergies.swift */; };
		BF1A3E1821F9634400E915D7 /* AllergiesTableView.swift in Sources */ = {isa = PBXBuildFile; fileRef = BF1A3E1721F9634400E915D7 /* AllergiesTableView.swift */; };
		BF254380220A134B0094171B /* SegueExtension.swift in Sources */ = {isa = PBXBuildFile; fileRef = BF25437F220A134B0094171B /* SegueExtension.swift */; };
		BF254382220A65740094171B /* NavigationController.swift in Sources */ = {isa = PBXBuildFile; fileRef = BF254381220A65740094171B /* NavigationController.swift */; };
		BF25534121F4DF2A00350118 /* RecipeAPIService.swift in Sources */ = {isa = PBXBuildFile; fileRef = BF25534021F4DF2A00350118 /* RecipeAPIService.swift */; };
		BF25534521F4E22100350118 /* RecipeAPIResult.swift in Sources */ = {isa = PBXBuildFile; fileRef = BF25534421F4E22100350118 /* RecipeAPIResult.swift */; };
		BF25534F21F5549600350118 /* AlertsExtension.swift in Sources */ = {isa = PBXBuildFile; fileRef = BF25534E21F5549600350118 /* AlertsExtension.swift */; };
		BF26F5022208859D0044A7F6 /* String.swift in Sources */ = {isa = PBXBuildFile; fileRef = BF26F5012208859D0044A7F6 /* String.swift */; };
		BF2D240A220DF61F00A7F427 /* AllergyViewController.swift in Sources */ = {isa = PBXBuildFile; fileRef = BF2D2409220DF61F00A7F427 /* AllergyViewController.swift */; };
		BF2D240C220E435000A7F427 /* ResultListRecipeViewController.swift in Sources */ = {isa = PBXBuildFile; fileRef = BF2D240B220E435000A7F427 /* ResultListRecipeViewController.swift */; };
		BF2D241822124ED700A7F427 /* RecipeTableViewCell.swift in Sources */ = {isa = PBXBuildFile; fileRef = BF2D241722124ED700A7F427 /* RecipeTableViewCell.swift */; };
		BF8D34C9220B370D009C6629 /* recipes.json in Resources */ = {isa = PBXBuildFile; fileRef = BF8D34C8220B370D009C6629 /* recipes.json */; };
		BF8D34F6220C95DB009C6629 /* RecipeViewController.swift in Sources */ = {isa = PBXBuildFile; fileRef = BF8D34F5220C95DB009C6629 /* RecipeViewController.swift */; };
		BF8D34F8220C992A009C6629 /* ProfilViewController2.swift in Sources */ = {isa = PBXBuildFile; fileRef = BF8D34F7220C992A009C6629 /* ProfilViewController2.swift */; };
		BF92BFA621BF67E700EDF694 /* AppDelegate.swift in Sources */ = {isa = PBXBuildFile; fileRef = BF92BFA521BF67E700EDF694 /* AppDelegate.swift */; };
		BF92BFAB21BF67E700EDF694 /* Main.storyboard in Resources */ = {isa = PBXBuildFile; fileRef = BF92BFA921BF67E700EDF694 /* Main.storyboard */; };
		BF92BFB021BF67EA00EDF694 /* Assets.xcassets in Resources */ = {isa = PBXBuildFile; fileRef = BF92BFAF21BF67EA00EDF694 /* Assets.xcassets */; };
		BF92BFB321BF67EA00EDF694 /* LaunchScreen.storyboard in Resources */ = {isa = PBXBuildFile; fileRef = BF92BFB121BF67EA00EDF694 /* LaunchScreen.storyboard */; };
		BF92BFC021C0171D00EDF694 /* whatever it takes.ttf in Resources */ = {isa = PBXBuildFile; fileRef = BF92BFBF21C0171D00EDF694 /* whatever it takes.ttf */; };
		BF92BFC221C0177000EDF694 /* whatever it takes bold.ttf in Resources */ = {isa = PBXBuildFile; fileRef = BF92BFC121C0177000EDF694 /* whatever it takes bold.ttf */; };
		BF92BFC421C0352400EDF694 /* SearchForRecipesViewController.swift in Sources */ = {isa = PBXBuildFile; fileRef = BF92BFC321C0352400EDF694 /* SearchForRecipesViewController.swift */; };
		BF92BFC621C094FF00EDF694 /* Podfile in Resources */ = {isa = PBXBuildFile; fileRef = BF92BFC521C094FF00EDF694 /* Podfile */; };
		BFC62BAA21FA668E0097E0B0 /* UrlYummlyConstructProtocol.swift in Sources */ = {isa = PBXBuildFile; fileRef = BFC62BA921FA668E0097E0B0 /* UrlYummlyConstructProtocol.swift */; };
		BFC62BAC21FA69160097E0B0 /* RecipeSession.swift in Sources */ = {isa = PBXBuildFile; fileRef = BFC62BAB21FA69160097E0B0 /* RecipeSession.swift */; };
/* End PBXBuildFile section */

/* Begin PBXFileReference section */
		21F9C6C3DC28ADC0EA0D484A /* Pods-RecipleaseV1.debug.xcconfig */ = {isa = PBXFileReference; includeInIndex = 1; lastKnownFileType = text.xcconfig; name = "Pods-RecipleaseV1.debug.xcconfig"; path = "Pods/Target Support Files/Pods-RecipleaseV1/Pods-RecipleaseV1.debug.xcconfig"; sourceTree = "<group>"; };
		2C8ADA9782E4BDCC46233358 /* Pods_RecipleaseV1.framework */ = {isa = PBXFileReference; explicitFileType = wrapper.framework; includeInIndex = 0; path = Pods_RecipleaseV1.framework; sourceTree = BUILT_PRODUCTS_DIR; };
		994BF08252B1BE72AB090088 /* Pods-RecipleaseV1.release.xcconfig */ = {isa = PBXFileReference; includeInIndex = 1; lastKnownFileType = text.xcconfig; name = "Pods-RecipleaseV1.release.xcconfig"; path = "Pods/Target Support Files/Pods-RecipleaseV1/Pods-RecipleaseV1.release.xcconfig"; sourceTree = "<group>"; };
		BF054D7F2217428F00C82CBB /* CellTableViewXib.xib */ = {isa = PBXFileReference; lastKnownFileType = file.xib; path = CellTableViewXib.xib; sourceTree = "<group>"; };
		BF054D83221766B100C82CBB /* CustomTableViewCell.swift */ = {isa = PBXFileReference; lastKnownFileType = sourcecode.swift; path = CustomTableViewCell.swift; sourceTree = "<group>"; };
		BF1A3E0D21F9054200E915D7 /* Allergies.swift */ = {isa = PBXFileReference; lastKnownFileType = sourcecode.swift; path = Allergies.swift; sourceTree = "<group>"; };
		BF1A3E1721F9634400E915D7 /* AllergiesTableView.swift */ = {isa = PBXFileReference; lastKnownFileType = sourcecode.swift; path = AllergiesTableView.swift; sourceTree = "<group>"; };
		BF25437F220A134B0094171B /* SegueExtension.swift */ = {isa = PBXFileReference; lastKnownFileType = sourcecode.swift; path = SegueExtension.swift; sourceTree = "<group>"; };
		BF254381220A65740094171B /* NavigationController.swift */ = {isa = PBXFileReference; lastKnownFileType = sourcecode.swift; path = NavigationController.swift; sourceTree = "<group>"; };
		BF25534021F4DF2A00350118 /* RecipeAPIService.swift */ = {isa = PBXFileReference; lastKnownFileType = sourcecode.swift; path = RecipeAPIService.swift; sourceTree = "<group>"; };
		BF25534421F4E22100350118 /* RecipeAPIResult.swift */ = {isa = PBXFileReference; lastKnownFileType = sourcecode.swift; path = RecipeAPIResult.swift; sourceTree = "<group>"; };
		BF25534E21F5549600350118 /* AlertsExtension.swift */ = {isa = PBXFileReference; fileEncoding = 4; lastKnownFileType = sourcecode.swift; path = AlertsExtension.swift; sourceTree = "<group>"; };
		BF26F5012208859D0044A7F6 /* String.swift */ = {isa = PBXFileReference; lastKnownFileType = sourcecode.swift; path = String.swift; sourceTree = "<group>"; };
		BF2D2409220DF61F00A7F427 /* AllergyViewController.swift */ = {isa = PBXFileReference; lastKnownFileType = sourcecode.swift; path = AllergyViewController.swift; sourceTree = "<group>"; };
		BF2D240B220E435000A7F427 /* ResultListRecipeViewController.swift */ = {isa = PBXFileReference; lastKnownFileType = sourcecode.swift; path = ResultListRecipeViewController.swift; sourceTree = "<group>"; };
		BF2D241722124ED700A7F427 /* RecipeTableViewCell.swift */ = {isa = PBXFileReference; lastKnownFileType = sourcecode.swift; path = RecipeTableViewCell.swift; sourceTree = "<group>"; };
		BF8D34C8220B370D009C6629 /* recipes.json */ = {isa = PBXFileReference; lastKnownFileType = text.json; path = recipes.json; sourceTree = "<group>"; };
		BF8D34F5220C95DB009C6629 /* RecipeViewController.swift */ = {isa = PBXFileReference; lastKnownFileType = sourcecode.swift; path = RecipeViewController.swift; sourceTree = "<group>"; };
		BF8D34F7220C992A009C6629 /* ProfilViewController2.swift */ = {isa = PBXFileReference; fileEncoding = 4; lastKnownFileType = sourcecode.swift; path = ProfilViewController2.swift; sourceTree = "<group>"; };
		BF92BFA221BF67E700EDF694 /* RecipleaseV1.app */ = {isa = PBXFileReference; explicitFileType = wrapper.application; includeInIndex = 0; path = RecipleaseV1.app; sourceTree = BUILT_PRODUCTS_DIR; };
		BF92BFA521BF67E700EDF694 /* AppDelegate.swift */ = {isa = PBXFileReference; lastKnownFileType = sourcecode.swift; path = AppDelegate.swift; sourceTree = "<group>"; };
		BF92BFAA21BF67E700EDF694 /* Base */ = {isa = PBXFileReference; lastKnownFileType = file.storyboard; name = Base; path = Base.lproj/Main.storyboard; sourceTree = "<group>"; };
		BF92BFAF21BF67EA00EDF694 /* Assets.xcassets */ = {isa = PBXFileReference; lastKnownFileType = folder.assetcatalog; path = Assets.xcassets; sourceTree = "<group>"; };
		BF92BFB221BF67EA00EDF694 /* Base */ = {isa = PBXFileReference; lastKnownFileType = file.storyboard; name = Base; path = Base.lproj/LaunchScreen.storyboard; sourceTree = "<group>"; };
		BF92BFB421BF67EA00EDF694 /* Info.plist */ = {isa = PBXFileReference; lastKnownFileType = text.plist.xml; path = Info.plist; sourceTree = "<group>"; };
		BF92BFBF21C0171D00EDF694 /* whatever it takes.ttf */ = {isa = PBXFileReference; lastKnownFileType = file; path = "whatever it takes.ttf"; sourceTree = "<group>"; };
		BF92BFC121C0177000EDF694 /* whatever it takes bold.ttf */ = {isa = PBXFileReference; lastKnownFileType = file; path = "whatever it takes bold.ttf"; sourceTree = "<group>"; };
		BF92BFC321C0352400EDF694 /* SearchForRecipesViewController.swift */ = {isa = PBXFileReference; lastKnownFileType = sourcecode.swift; path = SearchForRecipesViewController.swift; sourceTree = "<group>"; };
		BF92BFC521C094FF00EDF694 /* Podfile */ = {isa = PBXFileReference; fileEncoding = 4; lastKnownFileType = text; name = Podfile; path = RecipleaseV1/Podfile; sourceTree = "<group>"; };
		BFC62BA921FA668E0097E0B0 /* UrlYummlyConstructProtocol.swift */ = {isa = PBXFileReference; lastKnownFileType = sourcecode.swift; path = UrlYummlyConstructProtocol.swift; sourceTree = "<group>"; };
		BFC62BAB21FA69160097E0B0 /* RecipeSession.swift */ = {isa = PBXFileReference; lastKnownFileType = sourcecode.swift; path = RecipeSession.swift; sourceTree = "<group>"; };
/* End PBXFileReference section */

/* Begin PBXFrameworksBuildPhase section */
		BF92BF9F21BF67E700EDF694 /* Frameworks */ = {
			isa = PBXFrameworksBuildPhase;
			buildActionMask = 2147483647;
			files = (
				450E28DA47CC7B2EFC6A0316 /* Pods_RecipleaseV1.framework in Frameworks */,
			);
			runOnlyForDeploymentPostprocessing = 0;
		};
/* End PBXFrameworksBuildPhase section */

/* Begin PBXGroup section */
		1BA93EAEBF43297E22683682 /* Frameworks */ = {
			isa = PBXGroup;
			children = (
				2C8ADA9782E4BDCC46233358 /* Pods_RecipleaseV1.framework */,
			);
			name = Frameworks;
			sourceTree = "<group>";
		};
		8DBC0ACFF548DCA34B301DFF /* Pods */ = {
			isa = PBXGroup;
			children = (
				21F9C6C3DC28ADC0EA0D484A /* Pods-RecipleaseV1.debug.xcconfig */,
				994BF08252B1BE72AB090088 /* Pods-RecipleaseV1.release.xcconfig */,
			);
			name = Pods;
			sourceTree = "<group>";
		};
		BF92BF9921BF67E700EDF694 = {
			isa = PBXGroup;
			children = (
				BF92BFA421BF67E700EDF694 /* RecipleaseV1 */,
				BF92BFBE21C0170200EDF694 /* Fonts */,
				BF92BFA321BF67E700EDF694 /* Products */,
				BF92BFC521C094FF00EDF694 /* Podfile */,
				8DBC0ACFF548DCA34B301DFF /* Pods */,
				1BA93EAEBF43297E22683682 /* Frameworks */,
			);
			sourceTree = "<group>";
		};
		BF92BFA321BF67E700EDF694 /* Products */ = {
			isa = PBXGroup;
			children = (
				BF92BFA221BF67E700EDF694 /* RecipleaseV1.app */,
			);
			name = Products;
			sourceTree = "<group>";
		};
		BF92BFA421BF67E700EDF694 /* RecipleaseV1 */ = {
			isa = PBXGroup;
			children = (
				BF92BFBA21BF681200EDF694 /* Model */,
				BF92BFBC21BF681600EDF694 /* Controller */,
				BF92BFBD21BF682000EDF694 /* Extension */,
				BF92BFBB21BF681400EDF694 /* View */,
				BF92BFAF21BF67EA00EDF694 /* Assets.xcassets */,
				BF92BFA521BF67E700EDF694 /* AppDelegate.swift */,
				BF92BFB421BF67EA00EDF694 /* Info.plist */,
				BF8D34C8220B370D009C6629 /* recipes.json */,
			);
			path = RecipleaseV1;
			sourceTree = "<group>";
		};
		BF92BFBA21BF681200EDF694 /* Model */ = {
			isa = PBXGroup;
			children = (
				BFC62BB021FBCEA80097E0B0 /* Allergies */,
				BFC62BAF21FBCE7E0097E0B0 /* Recipes */,
			);
			path = Model;
			sourceTree = "<group>";
		};
		BF92BFBB21BF681400EDF694 /* View */ = {
			isa = PBXGroup;
			children = (
				BF054D83221766B100C82CBB /* CustomTableViewCell.swift */,
				BF2D241722124ED700A7F427 /* RecipeTableViewCell.swift */,
				BF1A3E1721F9634400E915D7 /* AllergiesTableView.swift */,
				BF054D7F2217428F00C82CBB /* CellTableViewXib.xib */,
				BF92BFA921BF67E700EDF694 /* Main.storyboard */,
				BF92BFB121BF67EA00EDF694 /* LaunchScreen.storyboard */,
				BF254381220A65740094171B /* NavigationController.swift */,
			);
			path = View;
			sourceTree = "<group>";
		};
		BF92BFBC21BF681600EDF694 /* Controller */ = {
			isa = PBXGroup;
			children = (
				BF92BFC321C0352400EDF694 /* SearchForRecipesViewController.swift */,
				BF2D240B220E435000A7F427 /* ResultListRecipeViewController.swift */,
				BF8D34F5220C95DB009C6629 /* RecipeViewController.swift */,
				BF8D34F7220C992A009C6629 /* ProfilViewController2.swift */,
				BF2D2409220DF61F00A7F427 /* AllergyViewController.swift */,
			);
			path = Controller;
			sourceTree = "<group>";
		};
		BF92BFBD21BF682000EDF694 /* Extension */ = {
			isa = PBXGroup;
			children = (
				BF25534E21F5549600350118 /* AlertsExtension.swift */,
				BF26F5012208859D0044A7F6 /* String.swift */,
				BF25437F220A134B0094171B /* SegueExtension.swift */,
			);
			path = Extension;
			sourceTree = "<group>";
		};
		BF92BFBE21C0170200EDF694 /* Fonts */ = {
			isa = PBXGroup;
			children = (
				BF92BFBF21C0171D00EDF694 /* whatever it takes.ttf */,
				BF92BFC121C0177000EDF694 /* whatever it takes bold.ttf */,
			);
			path = Fonts;
			sourceTree = "<group>";
		};
		BFC62BAF21FBCE7E0097E0B0 /* Recipes */ = {
			isa = PBXGroup;
			children = (
				BFC62BA921FA668E0097E0B0 /* UrlYummlyConstructProtocol.swift */,
				BF25534021F4DF2A00350118 /* RecipeAPIService.swift */,
				BFC62BAB21FA69160097E0B0 /* RecipeSession.swift */,
				BF25534421F4E22100350118 /* RecipeAPIResult.swift */,
			);
			path = Recipes;
			sourceTree = "<group>";
		};
		BFC62BB021FBCEA80097E0B0 /* Allergies */ = {
			isa = PBXGroup;
			children = (
				BF1A3E0D21F9054200E915D7 /* Allergies.swift */,
			);
			path = Allergies;
			sourceTree = "<group>";
		};
/* End PBXGroup section */

/* Begin PBXNativeTarget section */
		BF92BFA121BF67E700EDF694 /* RecipleaseV1 */ = {
			isa = PBXNativeTarget;
			buildConfigurationList = BF92BFB721BF67EA00EDF694 /* Build configuration list for PBXNativeTarget "RecipleaseV1" */;
			buildPhases = (
				0B86BB1C38F4A4CBAD029188 /* [CP] Check Pods Manifest.lock */,
				BF92BF9E21BF67E700EDF694 /* Sources */,
				BF92BF9F21BF67E700EDF694 /* Frameworks */,
				BF92BFA021BF67E700EDF694 /* Resources */,
				077350B90419FD775D2A1B14 /* [CP] Embed Pods Frameworks */,
			);
			buildRules = (
			);
			dependencies = (
			);
			name = RecipleaseV1;
			productName = RecipleaseV1;
			productReference = BF92BFA221BF67E700EDF694 /* RecipleaseV1.app */;
			productType = "com.apple.product-type.application";
		};
/* End PBXNativeTarget section */

/* Begin PBXProject section */
		BF92BF9A21BF67E700EDF694 /* Project object */ = {
			isa = PBXProject;
			attributes = {
				LastSwiftUpdateCheck = 1010;
				LastUpgradeCheck = 1010;
				ORGANIZATIONNAME = VBoulanger;
				TargetAttributes = {
					BF92BFA121BF67E700EDF694 = {
						CreatedOnToolsVersion = 10.1;
					};
				};
			};
			buildConfigurationList = BF92BF9D21BF67E700EDF694 /* Build configuration list for PBXProject "RecipleaseV1" */;
			compatibilityVersion = "Xcode 9.3";
			developmentRegion = en;
			hasScannedForEncodings = 0;
			knownRegions = (
				en,
				Base,
			);
			mainGroup = BF92BF9921BF67E700EDF694;
			productRefGroup = BF92BFA321BF67E700EDF694 /* Products */;
			projectDirPath = "";
			projectRoot = "";
			targets = (
				BF92BFA121BF67E700EDF694 /* RecipleaseV1 */,
			);
		};
/* End PBXProject section */

/* Begin PBXResourcesBuildPhase section */
		BF92BFA021BF67E700EDF694 /* Resources */ = {
			isa = PBXResourcesBuildPhase;
			buildActionMask = 2147483647;
			files = (
				BF92BFC621C094FF00EDF694 /* Podfile in Resources */,
				BF92BFC021C0171D00EDF694 /* whatever it takes.ttf in Resources */,
				BF92BFC221C0177000EDF694 /* whatever it takes bold.ttf in Resources */,
				BF054D802217428F00C82CBB /* CellTableViewXib.xib in Resources */,
				BF92BFB321BF67EA00EDF694 /* LaunchScreen.storyboard in Resources */,
				BF92BFB021BF67EA00EDF694 /* Assets.xcassets in Resources */,
				BF8D34C9220B370D009C6629 /* recipes.json in Resources */,
				BF92BFAB21BF67E700EDF694 /* Main.storyboard in Resources */,
			);
			runOnlyForDeploymentPostprocessing = 0;
		};
/* End PBXResourcesBuildPhase section */

/* Begin PBXShellScriptBuildPhase section */
		077350B90419FD775D2A1B14 /* [CP] Embed Pods Frameworks */ = {
			isa = PBXShellScriptBuildPhase;
			buildActionMask = 2147483647;
			files = (
			);
			inputFileListPaths = (
			);
			inputPaths = (
				"${SRCROOT}/Pods/Target Support Files/Pods-RecipleaseV1/Pods-RecipleaseV1-frameworks.sh",
				"${BUILT_PRODUCTS_DIR}/Alamofire/Alamofire.framework",
			);
			name = "[CP] Embed Pods Frameworks";
			outputFileListPaths = (
			);
			outputPaths = (
				"${TARGET_BUILD_DIR}/${FRAMEWORKS_FOLDER_PATH}/Alamofire.framework",
			);
			runOnlyForDeploymentPostprocessing = 0;
			shellPath = /bin/sh;
			shellScript = "\"${SRCROOT}/Pods/Target Support Files/Pods-RecipleaseV1/Pods-RecipleaseV1-frameworks.sh\"\n";
			showEnvVarsInLog = 0;
		};
		0B86BB1C38F4A4CBAD029188 /* [CP] Check Pods Manifest.lock */ = {
			isa = PBXShellScriptBuildPhase;
			buildActionMask = 2147483647;
			files = (
			);
			inputFileListPaths = (
			);
			inputPaths = (
				"${PODS_PODFILE_DIR_PATH}/Podfile.lock",
				"${PODS_ROOT}/Manifest.lock",
			);
			name = "[CP] Check Pods Manifest.lock";
			outputFileListPaths = (
			);
			outputPaths = (
				"$(DERIVED_FILE_DIR)/Pods-RecipleaseV1-checkManifestLockResult.txt",
			);
			runOnlyForDeploymentPostprocessing = 0;
			shellPath = /bin/sh;
			shellScript = "diff \"${PODS_PODFILE_DIR_PATH}/Podfile.lock\" \"${PODS_ROOT}/Manifest.lock\" > /dev/null\nif [ $? != 0 ] ; then\n    # print error to STDERR\n    echo \"error: The sandbox is not in sync with the Podfile.lock. Run 'pod install' or update your CocoaPods installation.\" >&2\n    exit 1\nfi\n# This output is used by Xcode 'outputs' to avoid re-running this script phase.\necho \"SUCCESS\" > \"${SCRIPT_OUTPUT_FILE_0}\"\n";
			showEnvVarsInLog = 0;
		};
/* End PBXShellScriptBuildPhase section */

/* Begin PBXSourcesBuildPhase section */
		BF92BF9E21BF67E700EDF694 /* Sources */ = {
			isa = PBXSourcesBuildPhase;
			buildActionMask = 2147483647;
			files = (
				BF8D34F8220C992A009C6629 /* ProfilViewController2.swift in Sources */,
				BF1A3E0E21F9054200E915D7 /* Allergies.swift in Sources */,
				BF25534521F4E22100350118 /* RecipeAPIResult.swift in Sources */,
				BF2D241822124ED700A7F427 /* RecipeTableViewCell.swift in Sources */,
				BF26F5022208859D0044A7F6 /* String.swift in Sources */,
				BF254380220A134B0094171B /* SegueExtension.swift in Sources */,
				BF054D85221766B100C82CBB /* CustomTableViewCell.swift in Sources */,
				BFC62BAA21FA668E0097E0B0 /* UrlYummlyConstructProtocol.swift in Sources */,
				BF92BFA621BF67E700EDF694 /* AppDelegate.swift in Sources */,
				BF254382220A65740094171B /* NavigationController.swift in Sources */,
				BF1A3E1821F9634400E915D7 /* AllergiesTableView.swift in Sources */,
				BF2D240A220DF61F00A7F427 /* AllergyViewController.swift in Sources */,
				BF25534121F4DF2A00350118 /* RecipeAPIService.swift in Sources */,
				BF8D34F6220C95DB009C6629 /* RecipeViewController.swift in Sources */,
				BFC62BAC21FA69160097E0B0 /* RecipeSession.swift in Sources */,
				BF92BFC421C0352400EDF694 /* SearchForRecipesViewController.swift in Sources */,
				BF2D240C220E435000A7F427 /* ResultListRecipeViewController.swift in Sources */,
				BF25534F21F5549600350118 /* AlertsExtension.swift in Sources */,
			);
			runOnlyForDeploymentPostprocessing = 0;
		};
/* End PBXSourcesBuildPhase section */

/* Begin PBXVariantGroup section */
		BF92BFA921BF67E700EDF694 /* Main.storyboard */ = {
			isa = PBXVariantGroup;
			children = (
				BF92BFAA21BF67E700EDF694 /* Base */,
			);
			name = Main.storyboard;
			sourceTree = "<group>";
		};
		BF92BFB121BF67EA00EDF694 /* LaunchScreen.storyboard */ = {
			isa = PBXVariantGroup;
			children = (
				BF92BFB221BF67EA00EDF694 /* Base */,
			);
			name = LaunchScreen.storyboard;
			sourceTree = "<group>";
		};
/* End PBXVariantGroup section */

/* Begin XCBuildConfiguration section */
		BF92BFB521BF67EA00EDF694 /* Debug */ = {
			isa = XCBuildConfiguration;
			buildSettings = {
				ALWAYS_SEARCH_USER_PATHS = NO;
				CLANG_ANALYZER_NONNULL = YES;
				CLANG_ANALYZER_NUMBER_OBJECT_CONVERSION = YES_AGGRESSIVE;
				CLANG_CXX_LANGUAGE_STANDARD = "gnu++14";
				CLANG_CXX_LIBRARY = "libc++";
				CLANG_ENABLE_MODULES = YES;
				CLANG_ENABLE_OBJC_ARC = YES;
				CLANG_ENABLE_OBJC_WEAK = YES;
				CLANG_WARN_BLOCK_CAPTURE_AUTORELEASING = YES;
				CLANG_WARN_BOOL_CONVERSION = YES;
				CLANG_WARN_COMMA = YES;
				CLANG_WARN_CONSTANT_CONVERSION = YES;
				CLANG_WARN_DEPRECATED_OBJC_IMPLEMENTATIONS = YES;
				CLANG_WARN_DIRECT_OBJC_ISA_USAGE = YES_ERROR;
				CLANG_WARN_DOCUMENTATION_COMMENTS = YES;
				CLANG_WARN_EMPTY_BODY = YES;
				CLANG_WARN_ENUM_CONVERSION = YES;
				CLANG_WARN_INFINITE_RECURSION = YES;
				CLANG_WARN_INT_CONVERSION = YES;
				CLANG_WARN_NON_LITERAL_NULL_CONVERSION = YES;
				CLANG_WARN_OBJC_IMPLICIT_RETAIN_SELF = YES;
				CLANG_WARN_OBJC_LITERAL_CONVERSION = YES;
				CLANG_WARN_OBJC_ROOT_CLASS = YES_ERROR;
				CLANG_WARN_RANGE_LOOP_ANALYSIS = YES;
				CLANG_WARN_STRICT_PROTOTYPES = YES;
				CLANG_WARN_SUSPICIOUS_MOVE = YES;
				CLANG_WARN_UNGUARDED_AVAILABILITY = YES_AGGRESSIVE;
				CLANG_WARN_UNREACHABLE_CODE = YES;
				CLANG_WARN__DUPLICATE_METHOD_MATCH = YES;
				CODE_SIGN_IDENTITY = "iPhone Developer";
				COPY_PHASE_STRIP = NO;
				DEBUG_INFORMATION_FORMAT = dwarf;
				ENABLE_STRICT_OBJC_MSGSEND = YES;
				ENABLE_TESTABILITY = YES;
				GCC_C_LANGUAGE_STANDARD = gnu11;
				GCC_DYNAMIC_NO_PIC = NO;
				GCC_NO_COMMON_BLOCKS = YES;
				GCC_OPTIMIZATION_LEVEL = 0;
				GCC_PREPROCESSOR_DEFINITIONS = (
					"DEBUG=1",
					"$(inherited)",
				);
				GCC_WARN_64_TO_32_BIT_CONVERSION = YES;
				GCC_WARN_ABOUT_RETURN_TYPE = YES_ERROR;
				GCC_WARN_UNDECLARED_SELECTOR = YES;
				GCC_WARN_UNINITIALIZED_AUTOS = YES_AGGRESSIVE;
				GCC_WARN_UNUSED_FUNCTION = YES;
				GCC_WARN_UNUSED_VARIABLE = YES;
				IPHONEOS_DEPLOYMENT_TARGET = 12.1;
				MTL_ENABLE_DEBUG_INFO = INCLUDE_SOURCE;
				MTL_FAST_MATH = YES;
				ONLY_ACTIVE_ARCH = YES;
				SDKROOT = iphoneos;
				SWIFT_ACTIVE_COMPILATION_CONDITIONS = DEBUG;
				SWIFT_OPTIMIZATION_LEVEL = "-Onone";
			};
			name = Debug;
		};
		BF92BFB621BF67EA00EDF694 /* Release */ = {
			isa = XCBuildConfiguration;
			buildSettings = {
				ALWAYS_SEARCH_USER_PATHS = NO;
				CLANG_ANALYZER_NONNULL = YES;
				CLANG_ANALYZER_NUMBER_OBJECT_CONVERSION = YES_AGGRESSIVE;
				CLANG_CXX_LANGUAGE_STANDARD = "gnu++14";
				CLANG_CXX_LIBRARY = "libc++";
				CLANG_ENABLE_MODULES = YES;
				CLANG_ENABLE_OBJC_ARC = YES;
				CLANG_ENABLE_OBJC_WEAK = YES;
				CLANG_WARN_BLOCK_CAPTURE_AUTORELEASING = YES;
				CLANG_WARN_BOOL_CONVERSION = YES;
				CLANG_WARN_COMMA = YES;
				CLANG_WARN_CONSTANT_CONVERSION = YES;
				CLANG_WARN_DEPRECATED_OBJC_IMPLEMENTATIONS = YES;
				CLANG_WARN_DIRECT_OBJC_ISA_USAGE = YES_ERROR;
				CLANG_WARN_DOCUMENTATION_COMMENTS = YES;
				CLANG_WARN_EMPTY_BODY = YES;
				CLANG_WARN_ENUM_CONVERSION = YES;
				CLANG_WARN_INFINITE_RECURSION = YES;
				CLANG_WARN_INT_CONVERSION = YES;
				CLANG_WARN_NON_LITERAL_NULL_CONVERSION = YES;
				CLANG_WARN_OBJC_IMPLICIT_RETAIN_SELF = YES;
				CLANG_WARN_OBJC_LITERAL_CONVERSION = YES;
				CLANG_WARN_OBJC_ROOT_CLASS = YES_ERROR;
				CLANG_WARN_RANGE_LOOP_ANALYSIS = YES;
				CLANG_WARN_STRICT_PROTOTYPES = YES;
				CLANG_WARN_SUSPICIOUS_MOVE = YES;
				CLANG_WARN_UNGUARDED_AVAILABILITY = YES_AGGRESSIVE;
				CLANG_WARN_UNREACHABLE_CODE = YES;
				CLANG_WARN__DUPLICATE_METHOD_MATCH = YES;
				CODE_SIGN_IDENTITY = "iPhone Developer";
				COPY_PHASE_STRIP = NO;
				DEBUG_INFORMATION_FORMAT = "dwarf-with-dsym";
				ENABLE_NS_ASSERTIONS = NO;
				ENABLE_STRICT_OBJC_MSGSEND = YES;
				GCC_C_LANGUAGE_STANDARD = gnu11;
				GCC_NO_COMMON_BLOCKS = YES;
				GCC_WARN_64_TO_32_BIT_CONVERSION = YES;
				GCC_WARN_ABOUT_RETURN_TYPE = YES_ERROR;
				GCC_WARN_UNDECLARED_SELECTOR = YES;
				GCC_WARN_UNINITIALIZED_AUTOS = YES_AGGRESSIVE;
				GCC_WARN_UNUSED_FUNCTION = YES;
				GCC_WARN_UNUSED_VARIABLE = YES;
				IPHONEOS_DEPLOYMENT_TARGET = 12.1;
				MTL_ENABLE_DEBUG_INFO = NO;
				MTL_FAST_MATH = YES;
				SDKROOT = iphoneos;
				SWIFT_COMPILATION_MODE = wholemodule;
				SWIFT_OPTIMIZATION_LEVEL = "-O";
				VALIDATE_PRODUCT = YES;
			};
			name = Release;
		};
		BF92BFB821BF67EA00EDF694 /* Debug */ = {
			isa = XCBuildConfiguration;
			baseConfigurationReference = 21F9C6C3DC28ADC0EA0D484A /* Pods-RecipleaseV1.debug.xcconfig */;
			buildSettings = {
				ASSETCATALOG_COMPILER_APPICON_NAME = AppIcon;
				CODE_SIGN_STYLE = Automatic;
				DEVELOPMENT_TEAM = 6KQ6387NFD;
				INFOPLIST_FILE = RecipleaseV1/Info.plist;
				LD_RUNPATH_SEARCH_PATHS = (
					"$(inherited)",
					"@executable_path/Frameworks",
				);
				PRODUCT_BUNDLE_IDENTIFIER = "vBoulanger-Organization.RecipleaseV1";
				PRODUCT_NAME = "$(TARGET_NAME)";
				SWIFT_VERSION = 4.2;
				TARGETED_DEVICE_FAMILY = "1,2";
			};
			name = Debug;
		};
		BF92BFB921BF67EA00EDF694 /* Release */ = {
			isa = XCBuildConfiguration;
			baseConfigurationReference = 994BF08252B1BE72AB090088 /* Pods-RecipleaseV1.release.xcconfig */;
			buildSettings = {
				ASSETCATALOG_COMPILER_APPICON_NAME = AppIcon;
				CODE_SIGN_STYLE = Automatic;
				DEVELOPMENT_TEAM = 6KQ6387NFD;
				INFOPLIST_FILE = RecipleaseV1/Info.plist;
				LD_RUNPATH_SEARCH_PATHS = (
					"$(inherited)",
					"@executable_path/Frameworks",
				);
				PRODUCT_BUNDLE_IDENTIFIER = "vBoulanger-Organization.RecipleaseV1";
				PRODUCT_NAME = "$(TARGET_NAME)";
				SWIFT_VERSION = 4.2;
				TARGETED_DEVICE_FAMILY = "1,2";
			};
			name = Release;
		};
/* End XCBuildConfiguration section */

/* Begin XCConfigurationList section */
		BF92BF9D21BF67E700EDF694 /* Build configuration list for PBXProject "RecipleaseV1" */ = {
			isa = XCConfigurationList;
			buildConfigurations = (
				BF92BFB521BF67EA00EDF694 /* Debug */,
				BF92BFB621BF67EA00EDF694 /* Release */,
			);
			defaultConfigurationIsVisible = 0;
			defaultConfigurationName = Release;
		};
		BF92BFB721BF67EA00EDF694 /* Build configuration list for PBXNativeTarget "RecipleaseV1" */ = {
			isa = XCConfigurationList;
			buildConfigurations = (
				BF92BFB821BF67EA00EDF694 /* Debug */,
				BF92BFB921BF67EA00EDF694 /* Release */,
			);
			defaultConfigurationIsVisible = 0;
			defaultConfigurationName = Release;
		};
/* End XCConfigurationList section */
	};
	rootObject = BF92BF9A21BF67E700EDF694 /* Project object */;
}
